{
    "name": "tvt-moneyinthemist",
    "version": "0.0.3",
    "lockfileVersion": 1,
    "requires": true,
    "dependencies": {
        "grad-civs": {
            "version": "0.3.1",
            "resolved": "https://registry.npmjs.org/grad-civs/-/grad-civs-0.3.1.tgz",
            "integrity": "sha1-1sVJpBzJOWg6iUMsXSGSlccMuYY="
        },
        "grad-fortifications": {
            "version": "0.7.0",
            "resolved": "https://registry.npmjs.org/grad-fortifications/-/grad-fortifications-0.7.0.tgz",
            "integrity": "sha1-PyZ5GK+cu753Gp8CQ7QMRIG9RtE="
        },
        "grad-gpstracker": {
            "version": "0.2.0",
            "resolved": "https://registry.npmjs.org/grad-gpstracker/-/grad-gpstracker-0.2.0.tgz",
            "integrity": "sha1-CxKl2W123R1jg1GxhM4j/LneObw="
        },
        "grad-listbuymenu": {
            "version": "0.7.0",
            "resolved": "https://registry.npmjs.org/grad-listbuymenu/-/grad-listbuymenu-0.7.0.tgz",
            "integrity": "sha1-Zrwv1YM/CdyEzShZfAdgmNlj5Rg="
        },
        "grad-loadout": {
            "version": "4.8.0",
            "resolved": "https://registry.npmjs.org/grad-loadout/-/grad-loadout-4.8.0.tgz",
            "integrity": "sha512-Ti0P9HHWhaW2pPmjQF9aFt29QLPTldrtNtH0u/oT0T9hsDDS6kJ4NxakvjcKgFPV7SV5kMbAVrbT04UnZlNnoQ=="
        },
        "grad-scoreboard": {
            "version": "0.1.1",
            "resolved": "https://registry.npmjs.org/grad-scoreboard/-/grad-scoreboard-0.1.1.tgz",
            "integrity": "sha1-nrcbdKAJeQA00DV9bHWaAuqf0Kg="
        },
        "grad-winratetracker": {
            "version": "0.0.2",
            "resolved": "https://registry.npmjs.org/grad-winratetracker/-/grad-winratetracker-0.0.2.tgz",
            "integrity": "sha1-PnqSznWHh6Xpv44/v0bnWlYIFDE="
        }
    }
}
